
Microsoft Visual Studio Solution File, Format Version 12.00
# Visual Studio Version 16
VisualStudioVersion = 16.0.31321.278
MinimumVisualStudioVersion = 10.0.40219.1
Project("{8BC9CEB8-8B4A-11D0-8D11-00A0C91BC942}") = "DataStructures", "DataStructures\DataStructures.vcxproj", "{3E7746CE-603F-4BB9-B8E6-D79D64E46760}"
	ProjectSection(ProjectDependencies) = postProject
		{FBA7CFE3-361A-4CC2-B11C-439D43BFA93B} = {FBA7CFE3-361A-4CC2-B11C-439D43BFA93B}
	EndProjectSection
EndProject
Project("{8BC9CEB8-8B4A-11D0-8D11-00A0C91BC942}") = "Algorithms", "Algorithms\Algorithms.vcxproj", "{7D508DC9-1FEF-4071-B025-E832F9D8CF3D}"
	ProjectSection(ProjectDependencies) = postProject
		{3E7746CE-603F-4BB9-B8E6-D79D64E46760} = {3E7746CE-603F-4BB9-B8E6-D79D64E46760}
		{FBA7CFE3-361A-4CC2-B11C-439D43BFA93B} = {FBA7CFE3-361A-4CC2-B11C-439D43BFA93B}
	EndProjectSection
EndProject
Project("{8BC9CEB8-8B4A-11D0-8D11-00A0C91BC942}") = "Tests", "Tests\Tests.vcxproj", "{06A7CF02-C450-4A76-BB32-60CD14611915}"
	ProjectSection(ProjectDependencies) = postProject
		{7D508DC9-1FEF-4071-B025-E832F9D8CF3D} = {7D508DC9-1FEF-4071-B025-E832F9D8CF3D}
		{3E7746CE-603F-4BB9-B8E6-D79D64E46760} = {3E7746CE-603F-4BB9-B8E6-D79D64E46760}
		{FBA7CFE3-361A-4CC2-B11C-439D43BFA93B} = {FBA7CFE3-361A-4CC2-B11C-439D43BFA93B}
	EndProjectSection
EndProject
Project("{8BC9CEB8-8B4A-11D0-8D11-00A0C91BC942}") = "Utilities", "Utilities\Utilities.vcxproj", "{FBA7CFE3-361A-4CC2-B11C-439D43BFA93B}"
EndProject
Global
	GlobalSection(SolutionConfigurationPlatforms) = preSolution
		Debug|x64 = Debug|x64
		Debug|x86 = Debug|x86
		Release|x64 = Release|x64
		Release|x86 = Release|x86
	EndGlobalSection
	GlobalSection(ProjectConfigurationPlatforms) = postSolution
		{3E7746CE-603F-4BB9-B8E6-D79D64E46760}.Debug|x64.ActiveCfg = Debug|x64
		{3E7746CE-603F-4BB9-B8E6-D79D64E46760}.Debug|x64.Build.0 = Debug|x64
		{3E7746CE-603F-4BB9-B8E6-D79D64E46760}.Debug|x86.ActiveCfg = Debug|Win32
		{3E7746CE-603F-4BB9-B8E6-D79D64E46760}.Debug|x86.Build.0 = Debug|Win32
		{3E7746CE-603F-4BB9-B8E6-D79D64E46760}.Release|x64.ActiveCfg = Release|x64
		{3E7746CE-603F-4BB9-B8E6-D79D64E46760}.Release|x64.Build.0 = Release|x64
		{3E7746CE-603F-4BB9-B8E6-D79D64E46760}.Release|x86.ActiveCfg = Release|Win32
		{3E7746CE-603F-4BB9-B8E6-D79D64E46760}.Release|x86.Build.0 = Release|Win32
		{7D508DC9-1FEF-4071-B025-E832F9D8CF3D}.Debug|x64.ActiveCfg = Debug|x64
		{7D508DC9-1FEF-4071-B025-E832F9D8CF3D}.Debug|x64.Build.0 = Debug|x64
		{7D508DC9-1FEF-4071-B025-E832F9D8CF3D}.Debug|x86.ActiveCfg = Debug|Win32
		{7D508DC9-1FEF-4071-B025-E832F9D8CF3D}.Debug|x86.Build.0 = Debug|Win32
		{7D508DC9-1FEF-4071-B025-E832F9D8CF3D}.Release|x64.ActiveCfg = Release|x64
		{7D508DC9-1FEF-4071-B025-E832F9D8CF3D}.Release|x64.Build.0 = Release|x64
		{7D508DC9-1FEF-4071-B025-E832F9D8CF3D}.Release|x86.ActiveCfg = Release|Win32
		{7D508DC9-1FEF-4071-B025-E832F9D8CF3D}.Release|x86.Build.0 = Release|Win32
		{06A7CF02-C450-4A76-BB32-60CD14611915}.Debug|x64.ActiveCfg = Debug|x64
		{06A7CF02-C450-4A76-BB32-60CD14611915}.Debug|x64.Build.0 = Debug|x64
		{06A7CF02-C450-4A76-BB32-60CD14611915}.Debug|x86.ActiveCfg = Debug|Win32
		{06A7CF02-C450-4A76-BB32-60CD14611915}.Debug|x86.Build.0 = Debug|Win32
		{06A7CF02-C450-4A76-BB32-60CD14611915}.Release|x64.ActiveCfg = Release|x64
		{06A7CF02-C450-4A76-BB32-60CD14611915}.Release|x64.Build.0 = Release|x64
		{06A7CF02-C450-4A76-BB32-60CD14611915}.Release|x86.ActiveCfg = Release|Win32
		{06A7CF02-C450-4A76-BB32-60CD14611915}.Release|x86.Build.0 = Release|Win32
		{FBA7CFE3-361A-4CC2-B11C-439D43BFA93B}.Debug|x64.ActiveCfg = Debug|x64
		{FBA7CFE3-361A-4CC2-B11C-439D43BFA93B}.Debug|x64.Build.0 = Debug|x64
		{FBA7CFE3-361A-4CC2-B11C-439D43BFA93B}.Debug|x86.ActiveCfg = Debug|Win32
		{FBA7CFE3-361A-4CC2-B11C-439D43BFA93B}.Debug|x86.Build.0 = Debug|Win32
		{FBA7CFE3-361A-4CC2-B11C-439D43BFA93B}.Release|x64.ActiveCfg = Release|x64
		{FBA7CFE3-361A-4CC2-B11C-439D43BFA93B}.Release|x64.Build.0 = Release|x64
		{FBA7CFE3-361A-4CC2-B11C-439D43BFA93B}.Release|x86.ActiveCfg = Release|Win32
		{FBA7CFE3-361A-4CC2-B11C-439D43BFA93B}.Release|x86.Build.0 = Release|Win32
	EndGlobalSection
	GlobalSection(SolutionProperties) = preSolution
		HideSolutionNode = FALSE
	EndGlobalSection
	GlobalSection(ExtensibilityGlobals) = postSolution
		SolutionGuid = {A0720058-690D-4DC5-9508-A6644C5B0DA6}
	EndGlobalSection
EndGlobal
